
Microsoft Visual Studio Solution File, Format Version 12.00
# Visual Studio Version 17
VisualStudioVersion = 17.3.32922.545
MinimumVisualStudioVersion = 10.0.40219.1
Project("{8BC9CEB8-8B4A-11D0-8D11-00A0C91BC942}") = "Double Linked List-implementation", "Double Linked List-implementation\Double Linked List-implementation.vcxproj", "{C82ED463-3524-42C3-95F1-BE9BB12A031A}"
EndProject
Global
	GlobalSection(SolutionConfigurationPlatforms) = preSolution
		Debug|x64 = Debug|x64
		Debug|x86 = Debug|x86
		Release|x64 = Release|x64
		Release|x86 = Release|x86
	EndGlobalSection
	GlobalSection(ProjectConfigurationPlatforms) = postSolution
		{C82ED463-3524-42C3-95F1-BE9BB12A031A}.Debug|x64.ActiveCfg = Debug|x64
		{C82ED463-3524-42C3-95F1-BE9BB12A031A}.Debug|x64.Build.0 = Debug|x64
		{C82ED463-3524-42C3-95F1-BE9BB12A031A}.Debug|x86.ActiveCfg = Debug|Win32
		{C82ED463-3524-42C3-95F1-BE9BB12A031A}.Debug|x86.Build.0 = Debug|Win32
		{C82ED463-3524-42C3-95F1-BE9BB12A031A}.Release|x64.ActiveCfg = Release|x64
		{C82ED463-3524-42C3-95F1-BE9BB12A031A}.Release|x64.Build.0 = Release|x64
		{C82ED463-3524-42C3-95F1-BE9BB12A031A}.Release|x86.ActiveCfg = Release|Win32
		{C82ED463-3524-42C3-95F1-BE9BB12A031A}.Release|x86.Build.0 = Release|Win32
	EndGlobalSection
	GlobalSection(SolutionProperties) = preSolution
		HideSolutionNode = FALSE
	EndGlobalSection
	GlobalSection(ExtensibilityGlobals) = postSolution
		SolutionGuid = {47929FB5-1AF4-4EC0-A124-018587FD1DCD}
	EndGlobalSection
EndGlobal
