
Microsoft Visual Studio Solution File, Format Version 12.00
# Visual Studio Version 17
VisualStudioVersion = 17.3.32922.545
MinimumVisualStudioVersion = 10.0.40219.1
Project("{8BC9CEB8-8B4A-11D0-8D11-00A0C91BC942}") = "Using stack to reverse Array of String", "Using stack to reverse Array of String\Using stack to reverse Array of String.vcxproj", "{EAD0BC98-4290-4FFB-A087-DFBDDA344465}"
EndProject
Global
	GlobalSection(SolutionConfigurationPlatforms) = preSolution
		Debug|x64 = Debug|x64
		Debug|x86 = Debug|x86
		Release|x64 = Release|x64
		Release|x86 = Release|x86
	EndGlobalSection
	GlobalSection(ProjectConfigurationPlatforms) = postSolution
		{EAD0BC98-4290-4FFB-A087-DFBDDA344465}.Debug|x64.ActiveCfg = Debug|x64
		{EAD0BC98-4290-4FFB-A087-DFBDDA344465}.Debug|x64.Build.0 = Debug|x64
		{EAD0BC98-4290-4FFB-A087-DFBDDA344465}.Debug|x86.ActiveCfg = Debug|Win32
		{EAD0BC98-4290-4FFB-A087-DFBDDA344465}.Debug|x86.Build.0 = Debug|Win32
		{EAD0BC98-4290-4FFB-A087-DFBDDA344465}.Release|x64.ActiveCfg = Release|x64
		{EAD0BC98-4290-4FFB-A087-DFBDDA344465}.Release|x64.Build.0 = Release|x64
		{EAD0BC98-4290-4FFB-A087-DFBDDA344465}.Release|x86.ActiveCfg = Release|Win32
		{EAD0BC98-4290-4FFB-A087-DFBDDA344465}.Release|x86.Build.0 = Release|Win32
	EndGlobalSection
	GlobalSection(SolutionProperties) = preSolution
		HideSolutionNode = FALSE
	EndGlobalSection
	GlobalSection(ExtensibilityGlobals) = postSolution
		SolutionGuid = {1327EF4B-1963-4EDA-9A4B-53667EB8C332}
	EndGlobalSection
EndGlobal
