
Microsoft Visual Studio Solution File, Format Version 12.00
# Visual Studio Version 17
VisualStudioVersion = 17.3.32922.545
MinimumVisualStudioVersion = 10.0.40219.1
Project("{8BC9CEB8-8B4A-11D0-8D11-00A0C91BC942}") = "Queues", "Queues\Queues.vcxproj", "{0F7D2FD3-EA06-465E-9469-F0CE26AC75FC}"
EndProject
Global
	GlobalSection(SolutionConfigurationPlatforms) = preSolution
		Debug|x64 = Debug|x64
		Debug|x86 = Debug|x86
		Release|x64 = Release|x64
		Release|x86 = Release|x86
	EndGlobalSection
	GlobalSection(ProjectConfigurationPlatforms) = postSolution
		{0F7D2FD3-EA06-465E-9469-F0CE26AC75FC}.Debug|x64.ActiveCfg = Debug|x64
		{0F7D2FD3-EA06-465E-9469-F0CE26AC75FC}.Debug|x64.Build.0 = Debug|x64
		{0F7D2FD3-EA06-465E-9469-F0CE26AC75FC}.Debug|x86.ActiveCfg = Debug|Win32
		{0F7D2FD3-EA06-465E-9469-F0CE26AC75FC}.Debug|x86.Build.0 = Debug|Win32
		{0F7D2FD3-EA06-465E-9469-F0CE26AC75FC}.Release|x64.ActiveCfg = Release|x64
		{0F7D2FD3-EA06-465E-9469-F0CE26AC75FC}.Release|x64.Build.0 = Release|x64
		{0F7D2FD3-EA06-465E-9469-F0CE26AC75FC}.Release|x86.ActiveCfg = Release|Win32
		{0F7D2FD3-EA06-465E-9469-F0CE26AC75FC}.Release|x86.Build.0 = Release|Win32
	EndGlobalSection
	GlobalSection(SolutionProperties) = preSolution
		HideSolutionNode = FALSE
	EndGlobalSection
	GlobalSection(ExtensibilityGlobals) = postSolution
		SolutionGuid = {1A1345D8-72FB-4F23-BAAE-C87899D0392A}
	EndGlobalSection
EndGlobal
